
Microsoft Visual Studio Solution File, Format Version 12.00
# Visual Studio Version 17
VisualStudioVersion = 17.0.31815.197
MinimumVisualStudioVersion = 10.0.40219.1
Project("{FAE04EC0-301F-11D3-BF4B-00C04F79EFBC}") = "OLS.API", "OLS.API.csproj", "{65A68A07-0D1F-41BA-A972-D01A08561843}"
EndProject
Project("{FAE04EC0-301F-11D3-BF4B-00C04F79EFBC}") = "OLS.EF", "..\OLS.EF\OLS.EF.csproj", "{72E4CAB4-E6A8-4F7E-AA4D-455529BCBBCA}"
EndProject
Project("{FAE04EC0-301F-11D3-BF4B-00C04F79EFBC}") = "OLS.Models", "..\OLS.Models\OLS.Models.csproj", "{2EBD77FA-A0B1-44B2-B614-7DB58174F58C}"
EndProject
Global
	GlobalSection(SolutionConfigurationPlatforms) = preSolution
		Debug|Any CPU = Debug|Any CPU
		Release|Any CPU = Release|Any CPU
	EndGlobalSection
	GlobalSection(ProjectConfigurationPlatforms) = postSolution
		{65A68A07-0D1F-41BA-A972-D01A08561843}.Debug|Any CPU.ActiveCfg = Debug|Any CPU
		{65A68A07-0D1F-41BA-A972-D01A08561843}.Debug|Any CPU.Build.0 = Debug|Any CPU
		{65A68A07-0D1F-41BA-A972-D01A08561843}.Release|Any CPU.ActiveCfg = Release|Any CPU
		{65A68A07-0D1F-41BA-A972-D01A08561843}.Release|Any CPU.Build.0 = Release|Any CPU
		{72E4CAB4-E6A8-4F7E-AA4D-455529BCBBCA}.Debug|Any CPU.ActiveCfg = Debug|Any CPU
		{72E4CAB4-E6A8-4F7E-AA4D-455529BCBBCA}.Debug|Any CPU.Build.0 = Debug|Any CPU
		{72E4CAB4-E6A8-4F7E-AA4D-455529BCBBCA}.Release|Any CPU.ActiveCfg = Release|Any CPU
		{72E4CAB4-E6A8-4F7E-AA4D-455529BCBBCA}.Release|Any CPU.Build.0 = Release|Any CPU
		{2EBD77FA-A0B1-44B2-B614-7DB58174F58C}.Debug|Any CPU.ActiveCfg = Debug|Any CPU
		{2EBD77FA-A0B1-44B2-B614-7DB58174F58C}.Debug|Any CPU.Build.0 = Debug|Any CPU
		{2EBD77FA-A0B1-44B2-B614-7DB58174F58C}.Release|Any CPU.ActiveCfg = Release|Any CPU
		{2EBD77FA-A0B1-44B2-B614-7DB58174F58C}.Release|Any CPU.Build.0 = Release|Any CPU
	EndGlobalSection
	GlobalSection(SolutionProperties) = preSolution
		HideSolutionNode = FALSE
	EndGlobalSection
	GlobalSection(ExtensibilityGlobals) = postSolution
		SolutionGuid = {AAC9AC0D-5150-4074-BEAA-7385E148501B}
	EndGlobalSection
EndGlobal
